
Microsoft Visual Studio Solution File, Format Version 12.00
# Visual Studio 15
VisualStudioVersion = 15.0.28010.2046
MinimumVisualStudioVersion = 10.0.40219.1
Project("{FAE04EC0-301F-11D3-BF4B-00C04F79EFBC}") = "AsmAuthentication", "AsmAuthentication\AsmAuthentication.csproj", "{034EB45A-566D-4DB7-83CF-853FDDC7C24A}"
EndProject
Global
	GlobalSection(SolutionConfigurationPlatforms) = preSolution
		Debug|Any CPU = Debug|Any CPU
		Release|Any CPU = Release|Any CPU
	EndGlobalSection
	GlobalSection(ProjectConfigurationPlatforms) = postSolution
		{034EB45A-566D-4DB7-83CF-853FDDC7C24A}.Debug|Any CPU.ActiveCfg = Debug|Any CPU
		{034EB45A-566D-4DB7-83CF-853FDDC7C24A}.Debug|Any CPU.Build.0 = Debug|Any CPU
		{034EB45A-566D-4DB7-83CF-853FDDC7C24A}.Release|Any CPU.ActiveCfg = Release|Any CPU
		{034EB45A-566D-4DB7-83CF-853FDDC7C24A}.Release|Any CPU.Build.0 = Release|Any CPU
	EndGlobalSection
	GlobalSection(SolutionProperties) = preSolution
		HideSolutionNode = FALSE
	EndGlobalSection
	GlobalSection(ExtensibilityGlobals) = postSolution
		SolutionGuid = {A477CCC1-B0E8-4D9C-9222-1B1A8C2ED763}
	EndGlobalSection
EndGlobal
